
Microsoft Visual Studio Solution File, Format Version 12.00
# Visual Studio Version 17
VisualStudioVersion = 17.13.35919.96
MinimumVisualStudioVersion = 10.0.40219.1
Project("{FAE04EC0-301F-11D3-BF4B-00C04F79EFBC}") = "EvenOrOdd", "EvenOrOdd\EvenOrOdd.csproj", "{1C85B434-A54B-4B9B-A8C5-32EBECCD1293}"
EndProject
Project("{FAE04EC0-301F-11D3-BF4B-00C04F79EFBC}") = "DivisionFiveSeven", "DivisionFiveSeven\DivisionFiveSeven.csproj", "{AF7F5C51-8199-4F40-A7C9-CA6711120A38}"
EndProject
Project("{FAE04EC0-301F-11D3-BF4B-00C04F79EFBC}") = "IsThirdNumber7", "IsThirdNumber7\IsThirdNumber7.csproj", "{7503511C-6D3E-4F1B-89B3-EFA2E3A0819F}"
EndProject
Project("{FAE04EC0-301F-11D3-BF4B-00C04F79EFBC}") = "IsThirdBit1", "IsThirdBit1\IsThirdBit1.csproj", "{F8F0E61F-C109-4FEA-845D-62B7B879347E}"
EndProject
Project("{FAE04EC0-301F-11D3-BF4B-00C04F79EFBC}") = "TrapezoidArea", "TrapezoidArea\TrapezoidArea.csproj", "{57412E13-F068-4A60-AAA3-FAE4FF52FCAE}"
EndProject
Project("{FAE04EC0-301F-11D3-BF4B-00C04F79EFBC}") = "RectangleArea", "RectangleArea\RectangleArea.csproj", "{24930EF5-2A20-4D06-A286-B06EE0A5D28D}"
EndProject
Project("{FAE04EC0-301F-11D3-BF4B-00C04F79EFBC}") = "MoonGravity", "MoonGravity\MoonGravity.csproj", "{4DBF68C1-DFAE-432C-A117-425321418ACF}"
EndProject
Global
	GlobalSection(SolutionConfigurationPlatforms) = preSolution
		Debug|Any CPU = Debug|Any CPU
		Release|Any CPU = Release|Any CPU
	EndGlobalSection
	GlobalSection(ProjectConfigurationPlatforms) = postSolution
		{1C85B434-A54B-4B9B-A8C5-32EBECCD1293}.Debug|Any CPU.ActiveCfg = Debug|Any CPU
		{1C85B434-A54B-4B9B-A8C5-32EBECCD1293}.Debug|Any CPU.Build.0 = Debug|Any CPU
		{1C85B434-A54B-4B9B-A8C5-32EBECCD1293}.Release|Any CPU.ActiveCfg = Release|Any CPU
		{1C85B434-A54B-4B9B-A8C5-32EBECCD1293}.Release|Any CPU.Build.0 = Release|Any CPU
		{AF7F5C51-8199-4F40-A7C9-CA6711120A38}.Debug|Any CPU.ActiveCfg = Debug|Any CPU
		{AF7F5C51-8199-4F40-A7C9-CA6711120A38}.Debug|Any CPU.Build.0 = Debug|Any CPU
		{AF7F5C51-8199-4F40-A7C9-CA6711120A38}.Release|Any CPU.ActiveCfg = Release|Any CPU
		{AF7F5C51-8199-4F40-A7C9-CA6711120A38}.Release|Any CPU.Build.0 = Release|Any CPU
		{7503511C-6D3E-4F1B-89B3-EFA2E3A0819F}.Debug|Any CPU.ActiveCfg = Debug|Any CPU
		{7503511C-6D3E-4F1B-89B3-EFA2E3A0819F}.Debug|Any CPU.Build.0 = Debug|Any CPU
		{7503511C-6D3E-4F1B-89B3-EFA2E3A0819F}.Release|Any CPU.ActiveCfg = Release|Any CPU
		{7503511C-6D3E-4F1B-89B3-EFA2E3A0819F}.Release|Any CPU.Build.0 = Release|Any CPU
		{F8F0E61F-C109-4FEA-845D-62B7B879347E}.Debug|Any CPU.ActiveCfg = Debug|Any CPU
		{F8F0E61F-C109-4FEA-845D-62B7B879347E}.Debug|Any CPU.Build.0 = Debug|Any CPU
		{F8F0E61F-C109-4FEA-845D-62B7B879347E}.Release|Any CPU.ActiveCfg = Release|Any CPU
		{F8F0E61F-C109-4FEA-845D-62B7B879347E}.Release|Any CPU.Build.0 = Release|Any CPU
		{57412E13-F068-4A60-AAA3-FAE4FF52FCAE}.Debug|Any CPU.ActiveCfg = Debug|Any CPU
		{57412E13-F068-4A60-AAA3-FAE4FF52FCAE}.Debug|Any CPU.Build.0 = Debug|Any CPU
		{57412E13-F068-4A60-AAA3-FAE4FF52FCAE}.Release|Any CPU.ActiveCfg = Release|Any CPU
		{57412E13-F068-4A60-AAA3-FAE4FF52FCAE}.Release|Any CPU.Build.0 = Release|Any CPU
		{24930EF5-2A20-4D06-A286-B06EE0A5D28D}.Debug|Any CPU.ActiveCfg = Debug|Any CPU
		{24930EF5-2A20-4D06-A286-B06EE0A5D28D}.Debug|Any CPU.Build.0 = Debug|Any CPU
		{24930EF5-2A20-4D06-A286-B06EE0A5D28D}.Release|Any CPU.ActiveCfg = Release|Any CPU
		{24930EF5-2A20-4D06-A286-B06EE0A5D28D}.Release|Any CPU.Build.0 = Release|Any CPU
		{4DBF68C1-DFAE-432C-A117-425321418ACF}.Debug|Any CPU.ActiveCfg = Debug|Any CPU
		{4DBF68C1-DFAE-432C-A117-425321418ACF}.Debug|Any CPU.Build.0 = Debug|Any CPU
		{4DBF68C1-DFAE-432C-A117-425321418ACF}.Release|Any CPU.ActiveCfg = Release|Any CPU
		{4DBF68C1-DFAE-432C-A117-425321418ACF}.Release|Any CPU.Build.0 = Release|Any CPU
	EndGlobalSection
	GlobalSection(SolutionProperties) = preSolution
		HideSolutionNode = FALSE
	EndGlobalSection
	GlobalSection(ExtensibilityGlobals) = postSolution
		SolutionGuid = {D9B60910-51BA-4D23-8685-7791C1C33295}
	EndGlobalSection
EndGlobal
