
Microsoft Visual Studio Solution File, Format Version 12.00
# Visual Studio Version 17
VisualStudioVersion = 17.13.35919.96 d17.13
MinimumVisualStudioVersion = 10.0.40219.1
Project("{FAE04EC0-301F-11D3-BF4B-00C04F79EFBC}") = "ExcellentResult", "ExcellentResult\ExcellentResult.csproj", "{E5D43C22-5CCB-487D-A85E-5192F73D5FB5}"
EndProject
Project("{FAE04EC0-301F-11D3-BF4B-00C04F79EFBC}") = "GreaterNumber", "GreaterNumber\GreaterNumber.csproj", "{A19B1DBA-1038-4F6B-8A0D-068050DD6726}"
EndProject
Project("{FAE04EC0-301F-11D3-BF4B-00C04F79EFBC}") = "EvenorOdd", "EvenorOdd\EvenorOdd.csproj", "{0EF6C362-11F0-4247-A9E5-EB5FE3B32329}"
EndProject
Project("{FAE04EC0-301F-11D3-BF4B-00C04F79EFBC}") = "PasswordGuess", "PasswordGuess\PasswordGuess.csproj", "{BAEFF183-893F-49E0-BB22-D7CB3CC73417}"
EndProject
Global
	GlobalSection(SolutionConfigurationPlatforms) = preSolution
		Debug|Any CPU = Debug|Any CPU
		Release|Any CPU = Release|Any CPU
	EndGlobalSection
	GlobalSection(ProjectConfigurationPlatforms) = postSolution
		{E5D43C22-5CCB-487D-A85E-5192F73D5FB5}.Debug|Any CPU.ActiveCfg = Debug|Any CPU
		{E5D43C22-5CCB-487D-A85E-5192F73D5FB5}.Debug|Any CPU.Build.0 = Debug|Any CPU
		{E5D43C22-5CCB-487D-A85E-5192F73D5FB5}.Release|Any CPU.ActiveCfg = Release|Any CPU
		{E5D43C22-5CCB-487D-A85E-5192F73D5FB5}.Release|Any CPU.Build.0 = Release|Any CPU
		{A19B1DBA-1038-4F6B-8A0D-068050DD6726}.Debug|Any CPU.ActiveCfg = Debug|Any CPU
		{A19B1DBA-1038-4F6B-8A0D-068050DD6726}.Debug|Any CPU.Build.0 = Debug|Any CPU
		{A19B1DBA-1038-4F6B-8A0D-068050DD6726}.Release|Any CPU.ActiveCfg = Release|Any CPU
		{A19B1DBA-1038-4F6B-8A0D-068050DD6726}.Release|Any CPU.Build.0 = Release|Any CPU
		{0EF6C362-11F0-4247-A9E5-EB5FE3B32329}.Debug|Any CPU.ActiveCfg = Debug|Any CPU
		{0EF6C362-11F0-4247-A9E5-EB5FE3B32329}.Debug|Any CPU.Build.0 = Debug|Any CPU
		{0EF6C362-11F0-4247-A9E5-EB5FE3B32329}.Release|Any CPU.ActiveCfg = Release|Any CPU
		{0EF6C362-11F0-4247-A9E5-EB5FE3B32329}.Release|Any CPU.Build.0 = Release|Any CPU
		{BAEFF183-893F-49E0-BB22-D7CB3CC73417}.Debug|Any CPU.ActiveCfg = Debug|Any CPU
		{BAEFF183-893F-49E0-BB22-D7CB3CC73417}.Debug|Any CPU.Build.0 = Debug|Any CPU
		{BAEFF183-893F-49E0-BB22-D7CB3CC73417}.Release|Any CPU.ActiveCfg = Release|Any CPU
		{BAEFF183-893F-49E0-BB22-D7CB3CC73417}.Release|Any CPU.Build.0 = Release|Any CPU
	EndGlobalSection
	GlobalSection(SolutionProperties) = preSolution
		HideSolutionNode = FALSE
	EndGlobalSection
	GlobalSection(ExtensibilityGlobals) = postSolution
		SolutionGuid = {2CE0859E-9857-4EBD-8D9D-C61A18144C46}
	EndGlobalSection
EndGlobal
