
Microsoft Visual Studio Solution File, Format Version 12.00
# Visual Studio Version 17
VisualStudioVersion = 17.13.35919.96 d17.13
MinimumVisualStudioVersion = 10.0.40219.1
Project("{FAE04EC0-301F-11D3-BF4B-00C04F79EFBC}") = "IntroToCSharp", "IntroToCSharp\IntroToCSharp.csproj", "{34B9D838-F1D1-4DD1-883D-4504E1EEC8A5}"
EndProject
Global
	GlobalSection(SolutionConfigurationPlatforms) = preSolution
		Debug|Any CPU = Debug|Any CPU
		Release|Any CPU = Release|Any CPU
	EndGlobalSection
	GlobalSection(ProjectConfigurationPlatforms) = postSolution
		{34B9D838-F1D1-4DD1-883D-4504E1EEC8A5}.Debug|Any CPU.ActiveCfg = Debug|Any CPU
		{34B9D838-F1D1-4DD1-883D-4504E1EEC8A5}.Debug|Any CPU.Build.0 = Debug|Any CPU
		{34B9D838-F1D1-4DD1-883D-4504E1EEC8A5}.Release|Any CPU.ActiveCfg = Release|Any CPU
		{34B9D838-F1D1-4DD1-883D-4504E1EEC8A5}.Release|Any CPU.Build.0 = Release|Any CPU
	EndGlobalSection
	GlobalSection(SolutionProperties) = preSolution
		HideSolutionNode = FALSE
	EndGlobalSection
	GlobalSection(ExtensibilityGlobals) = postSolution
		SolutionGuid = {7F9D4661-9C8F-4E7B-A48C-CC02D3C54C7C}
	EndGlobalSection
EndGlobal
