
Microsoft Visual Studio Solution File, Format Version 12.00
# Visual Studio Version 17
VisualStudioVersion = 17.13.35919.96 d17.13
MinimumVisualStudioVersion = 10.0.40219.1
Project("{FAE04EC0-301F-11D3-BF4B-00C04F79EFBC}") = "GoodDay", "GoodDay\GoodDay.csproj", "{22A7CE02-E5C2-423A-B97B-708365DAEF78}"
EndProject
Global
	GlobalSection(SolutionConfigurationPlatforms) = preSolution
		Debug|Any CPU = Debug|Any CPU
		Release|Any CPU = Release|Any CPU
	EndGlobalSection
	GlobalSection(ProjectConfigurationPlatforms) = postSolution
		{22A7CE02-E5C2-423A-B97B-708365DAEF78}.Debug|Any CPU.ActiveCfg = Debug|Any CPU
		{22A7CE02-E5C2-423A-B97B-708365DAEF78}.Debug|Any CPU.Build.0 = Debug|Any CPU
		{22A7CE02-E5C2-423A-B97B-708365DAEF78}.Release|Any CPU.ActiveCfg = Release|Any CPU
		{22A7CE02-E5C2-423A-B97B-708365DAEF78}.Release|Any CPU.Build.0 = Release|Any CPU
	EndGlobalSection
	GlobalSection(SolutionProperties) = preSolution
		HideSolutionNode = FALSE
	EndGlobalSection
	GlobalSection(ExtensibilityGlobals) = postSolution
		SolutionGuid = {C17B0EDB-771C-490C-A3A2-8CE88F73669E}
	EndGlobalSection
EndGlobal
