
Microsoft Visual Studio Solution File, Format Version 12.00
# Visual Studio Version 17
VisualStudioVersion = 17.13.35919.96 d17.13
MinimumVisualStudioVersion = 10.0.40219.1
Project("{FAE04EC0-301F-11D3-BF4B-00C04F79EFBC}") = "Intro-To-Programming", "Intro-To-Programming\Intro-To-Programming.csproj", "{838FEFBC-85F0-47DC-B8BB-3D2CF76C9BF3}"
EndProject
Project("{FAE04EC0-301F-11D3-BF4B-00C04F79EFBC}") = "WriteMyName", "WriteMyName\WriteMyName.csproj", "{84A54B63-0990-4331-9FA9-DC74DD643AA0}"
EndProject
Global
	GlobalSection(SolutionConfigurationPlatforms) = preSolution
		Debug|Any CPU = Debug|Any CPU
		Release|Any CPU = Release|Any CPU
	EndGlobalSection
	GlobalSection(ProjectConfigurationPlatforms) = postSolution
		{838FEFBC-85F0-47DC-B8BB-3D2CF76C9BF3}.Debug|Any CPU.ActiveCfg = Debug|Any CPU
		{838FEFBC-85F0-47DC-B8BB-3D2CF76C9BF3}.Debug|Any CPU.Build.0 = Debug|Any CPU
		{838FEFBC-85F0-47DC-B8BB-3D2CF76C9BF3}.Release|Any CPU.ActiveCfg = Release|Any CPU
		{838FEFBC-85F0-47DC-B8BB-3D2CF76C9BF3}.Release|Any CPU.Build.0 = Release|Any CPU
		{84A54B63-0990-4331-9FA9-DC74DD643AA0}.Debug|Any CPU.ActiveCfg = Debug|Any CPU
		{84A54B63-0990-4331-9FA9-DC74DD643AA0}.Debug|Any CPU.Build.0 = Debug|Any CPU
		{84A54B63-0990-4331-9FA9-DC74DD643AA0}.Release|Any CPU.ActiveCfg = Release|Any CPU
		{84A54B63-0990-4331-9FA9-DC74DD643AA0}.Release|Any CPU.Build.0 = Release|Any CPU
	EndGlobalSection
	GlobalSection(SolutionProperties) = preSolution
		HideSolutionNode = FALSE
	EndGlobalSection
	GlobalSection(ExtensibilityGlobals) = postSolution
		SolutionGuid = {C061F447-18B5-4AB8-B1FE-121224A46557}
	EndGlobalSection
EndGlobal
