
Microsoft Visual Studio Solution File, Format Version 12.00
# Visual Studio Version 17
VisualStudioVersion = 17.13.35919.96
MinimumVisualStudioVersion = 10.0.40219.1
Project("{FAE04EC0-301F-11D3-BF4B-00C04F79EFBC}") = "ThreeNumbersSum", "ThreeNumbersSum\ThreeNumbersSum.csproj", "{1581BB47-68D8-46A5-B58C-49138DAFC7D6}"
EndProject
Project("{FAE04EC0-301F-11D3-BF4B-00C04F79EFBC}") = "CircleCircumfrenceArea", "CircleCircumfrenceArea\CircleCircumfrenceArea.csproj", "{8AD22987-E17F-4A9B-A6DE-94F11566AAF0}"
EndProject
Project("{FAE04EC0-301F-11D3-BF4B-00C04F79EFBC}") = "CompanyInfo", "CompanyInfo\CompanyInfo.csproj", "{B2CDFDEA-2E12-42BA-9B9F-E7A6F8D652D9}"
EndProject
Project("{FAE04EC0-301F-11D3-BF4B-00C04F79EFBC}") = "VirtualTableNumbers", "VirtualTableNumbers\VirtualTableNumbers.csproj", "{17A0C89F-D446-4637-AD09-DFAE122E1575}"
EndProject
Project("{FAE04EC0-301F-11D3-BF4B-00C04F79EFBC}") = "NumbersDivisibleBy5", "NumbersDivisibleBy5\NumbersDivisibleBy5.csproj", "{4F769A6F-9B23-41DB-B7DD-817FBACABA94}"
EndProject
Project("{FAE04EC0-301F-11D3-BF4B-00C04F79EFBC}") = "ComparingNumbersWithoutIfs", "ComparingNumbersWithoutIfs\ComparingNumbersWithoutIfs.csproj", "{B5A27C48-CB1F-4171-8C3D-D08DEB93DF6A}"
EndProject
Project("{FAE04EC0-301F-11D3-BF4B-00C04F79EFBC}") = "5NumbersSum", "5NumbersSum\5NumbersSum.csproj", "{68253EA3-6B1B-41C6-9E65-E1CD19AB2F26}"
EndProject
Project("{FAE04EC0-301F-11D3-BF4B-00C04F79EFBC}") = "ConsoleApp1", "ConsoleApp1\ConsoleApp1.csproj", "{791A4979-8E69-4454-88FB-DB184587C643}"
EndProject
Global
	GlobalSection(SolutionConfigurationPlatforms) = preSolution
		Debug|Any CPU = Debug|Any CPU
		Release|Any CPU = Release|Any CPU
	EndGlobalSection
	GlobalSection(ProjectConfigurationPlatforms) = postSolution
		{1581BB47-68D8-46A5-B58C-49138DAFC7D6}.Debug|Any CPU.ActiveCfg = Debug|Any CPU
		{1581BB47-68D8-46A5-B58C-49138DAFC7D6}.Debug|Any CPU.Build.0 = Debug|Any CPU
		{1581BB47-68D8-46A5-B58C-49138DAFC7D6}.Release|Any CPU.ActiveCfg = Release|Any CPU
		{1581BB47-68D8-46A5-B58C-49138DAFC7D6}.Release|Any CPU.Build.0 = Release|Any CPU
		{8AD22987-E17F-4A9B-A6DE-94F11566AAF0}.Debug|Any CPU.ActiveCfg = Debug|Any CPU
		{8AD22987-E17F-4A9B-A6DE-94F11566AAF0}.Debug|Any CPU.Build.0 = Debug|Any CPU
		{8AD22987-E17F-4A9B-A6DE-94F11566AAF0}.Release|Any CPU.ActiveCfg = Release|Any CPU
		{8AD22987-E17F-4A9B-A6DE-94F11566AAF0}.Release|Any CPU.Build.0 = Release|Any CPU
		{B2CDFDEA-2E12-42BA-9B9F-E7A6F8D652D9}.Debug|Any CPU.ActiveCfg = Debug|Any CPU
		{B2CDFDEA-2E12-42BA-9B9F-E7A6F8D652D9}.Debug|Any CPU.Build.0 = Debug|Any CPU
		{B2CDFDEA-2E12-42BA-9B9F-E7A6F8D652D9}.Release|Any CPU.ActiveCfg = Release|Any CPU
		{B2CDFDEA-2E12-42BA-9B9F-E7A6F8D652D9}.Release|Any CPU.Build.0 = Release|Any CPU
		{17A0C89F-D446-4637-AD09-DFAE122E1575}.Debug|Any CPU.ActiveCfg = Debug|Any CPU
		{17A0C89F-D446-4637-AD09-DFAE122E1575}.Debug|Any CPU.Build.0 = Debug|Any CPU
		{17A0C89F-D446-4637-AD09-DFAE122E1575}.Release|Any CPU.ActiveCfg = Release|Any CPU
		{17A0C89F-D446-4637-AD09-DFAE122E1575}.Release|Any CPU.Build.0 = Release|Any CPU
		{4F769A6F-9B23-41DB-B7DD-817FBACABA94}.Debug|Any CPU.ActiveCfg = Debug|Any CPU
		{4F769A6F-9B23-41DB-B7DD-817FBACABA94}.Debug|Any CPU.Build.0 = Debug|Any CPU
		{4F769A6F-9B23-41DB-B7DD-817FBACABA94}.Release|Any CPU.ActiveCfg = Release|Any CPU
		{4F769A6F-9B23-41DB-B7DD-817FBACABA94}.Release|Any CPU.Build.0 = Release|Any CPU
		{B5A27C48-CB1F-4171-8C3D-D08DEB93DF6A}.Debug|Any CPU.ActiveCfg = Debug|Any CPU
		{B5A27C48-CB1F-4171-8C3D-D08DEB93DF6A}.Debug|Any CPU.Build.0 = Debug|Any CPU
		{B5A27C48-CB1F-4171-8C3D-D08DEB93DF6A}.Release|Any CPU.ActiveCfg = Release|Any CPU
		{B5A27C48-CB1F-4171-8C3D-D08DEB93DF6A}.Release|Any CPU.Build.0 = Release|Any CPU
		{68253EA3-6B1B-41C6-9E65-E1CD19AB2F26}.Debug|Any CPU.ActiveCfg = Debug|Any CPU
		{68253EA3-6B1B-41C6-9E65-E1CD19AB2F26}.Debug|Any CPU.Build.0 = Debug|Any CPU
		{68253EA3-6B1B-41C6-9E65-E1CD19AB2F26}.Release|Any CPU.ActiveCfg = Release|Any CPU
		{68253EA3-6B1B-41C6-9E65-E1CD19AB2F26}.Release|Any CPU.Build.0 = Release|Any CPU
		{791A4979-8E69-4454-88FB-DB184587C643}.Debug|Any CPU.ActiveCfg = Debug|Any CPU
		{791A4979-8E69-4454-88FB-DB184587C643}.Debug|Any CPU.Build.0 = Debug|Any CPU
		{791A4979-8E69-4454-88FB-DB184587C643}.Release|Any CPU.ActiveCfg = Release|Any CPU
		{791A4979-8E69-4454-88FB-DB184587C643}.Release|Any CPU.Build.0 = Release|Any CPU
	EndGlobalSection
	GlobalSection(SolutionProperties) = preSolution
		HideSolutionNode = FALSE
	EndGlobalSection
	GlobalSection(ExtensibilityGlobals) = postSolution
		SolutionGuid = {8591F794-1DF8-4246-AB8D-341655156473}
	EndGlobalSection
EndGlobal
